
Microsoft Visual Studio Solution File, Format Version 12.00
# Visual Studio Version 17
VisualStudioVersion = 17.0.31903.59
MinimumVisualStudioVersion = 10.0.40219.1
Project("{FAE04EC0-301F-11D3-BF4B-00C04F79EFBC}") = "API", "API\API.csproj", "{4183C035-9313-4E41-BB35-741913A7C197}"
EndProject
Project("{FAE04EC0-301F-11D3-BF4B-00C04F79EFBC}") = "Application", "Application\Application.csproj", "{42FD7762-1C8F-48F4-8E92-BC9CBD24F979}"
EndProject
Project("{FAE04EC0-301F-11D3-BF4B-00C04F79EFBC}") = "Domain", "Domain\Domain.csproj", "{8E02694B-C04D-4925-BF2B-F19AFEB1221C}"
EndProject
Project("{FAE04EC0-301F-11D3-BF4B-00C04F79EFBC}") = "Persistence", "Persistence\Persistence.csproj", "{8EE8E399-FA68-4CA9-9AAA-E3B79E352881}"
EndProject
Global
	GlobalSection(SolutionConfigurationPlatforms) = preSolution
		Debug|Any CPU = Debug|Any CPU
		Release|Any CPU = Release|Any CPU
	EndGlobalSection
	GlobalSection(SolutionProperties) = preSolution
		HideSolutionNode = FALSE
	EndGlobalSection
	GlobalSection(ProjectConfigurationPlatforms) = postSolution
		{4183C035-9313-4E41-BB35-741913A7C197}.Debug|Any CPU.ActiveCfg = Debug|Any CPU
		{4183C035-9313-4E41-BB35-741913A7C197}.Debug|Any CPU.Build.0 = Debug|Any CPU
		{4183C035-9313-4E41-BB35-741913A7C197}.Release|Any CPU.ActiveCfg = Release|Any CPU
		{4183C035-9313-4E41-BB35-741913A7C197}.Release|Any CPU.Build.0 = Release|Any CPU
		{42FD7762-1C8F-48F4-8E92-BC9CBD24F979}.Debug|Any CPU.ActiveCfg = Debug|Any CPU
		{42FD7762-1C8F-48F4-8E92-BC9CBD24F979}.Debug|Any CPU.Build.0 = Debug|Any CPU
		{42FD7762-1C8F-48F4-8E92-BC9CBD24F979}.Release|Any CPU.ActiveCfg = Release|Any CPU
		{42FD7762-1C8F-48F4-8E92-BC9CBD24F979}.Release|Any CPU.Build.0 = Release|Any CPU
		{8E02694B-C04D-4925-BF2B-F19AFEB1221C}.Debug|Any CPU.ActiveCfg = Debug|Any CPU
		{8E02694B-C04D-4925-BF2B-F19AFEB1221C}.Debug|Any CPU.Build.0 = Debug|Any CPU
		{8E02694B-C04D-4925-BF2B-F19AFEB1221C}.Release|Any CPU.ActiveCfg = Release|Any CPU
		{8E02694B-C04D-4925-BF2B-F19AFEB1221C}.Release|Any CPU.Build.0 = Release|Any CPU
		{8EE8E399-FA68-4CA9-9AAA-E3B79E352881}.Debug|Any CPU.ActiveCfg = Debug|Any CPU
		{8EE8E399-FA68-4CA9-9AAA-E3B79E352881}.Debug|Any CPU.Build.0 = Debug|Any CPU
		{8EE8E399-FA68-4CA9-9AAA-E3B79E352881}.Release|Any CPU.ActiveCfg = Release|Any CPU
		{8EE8E399-FA68-4CA9-9AAA-E3B79E352881}.Release|Any CPU.Build.0 = Release|Any CPU
	EndGlobalSection
EndGlobal
